
Microsoft Visual Studio Solution File, Format Version 12.00
# Visual Studio Version 16
VisualStudioVersion = 16.0.32002.261
MinimumVisualStudioVersion = 10.0.40219.1
Project("{FAE04EC0-301F-11D3-BF4B-00C04F79EFBC}") = "W1_Day1", "W1_Day1\W1_Day1.csproj", "{DCD6E5F4-A136-4EDD-B5BD-84066C999381}"
EndProject
Global
	GlobalSection(SolutionConfigurationPlatforms) = preSolution
		Debug|Any CPU = Debug|Any CPU
		Release|Any CPU = Release|Any CPU
	EndGlobalSection
	GlobalSection(ProjectConfigurationPlatforms) = postSolution
		{DCD6E5F4-A136-4EDD-B5BD-84066C999381}.Debug|Any CPU.ActiveCfg = Debug|Any CPU
		{DCD6E5F4-A136-4EDD-B5BD-84066C999381}.Debug|Any CPU.Build.0 = Debug|Any CPU
		{DCD6E5F4-A136-4EDD-B5BD-84066C999381}.Release|Any CPU.ActiveCfg = Release|Any CPU
		{DCD6E5F4-A136-4EDD-B5BD-84066C999381}.Release|Any CPU.Build.0 = Release|Any CPU
	EndGlobalSection
	GlobalSection(SolutionProperties) = preSolution
		HideSolutionNode = FALSE
	EndGlobalSection
	GlobalSection(ExtensibilityGlobals) = postSolution
		SolutionGuid = {3CC1CBBA-8A4A-44FE-A996-384224F1CFAC}
	EndGlobalSection
EndGlobal
