
Microsoft Visual Studio Solution File, Format Version 12.00
# Visual Studio Version 16
VisualStudioVersion = 16.0.32002.261
MinimumVisualStudioVersion = 10.0.40219.1
Project("{FAE04EC0-301F-11D3-BF4B-00C04F79EFBC}") = "W1_Day3", "W1_Day3\W1_Day3.csproj", "{75C16B5F-920D-4032-97D2-98DA731449A2}"
EndProject
Global
	GlobalSection(SolutionConfigurationPlatforms) = preSolution
		Debug|Any CPU = Debug|Any CPU
		Release|Any CPU = Release|Any CPU
	EndGlobalSection
	GlobalSection(ProjectConfigurationPlatforms) = postSolution
		{75C16B5F-920D-4032-97D2-98DA731449A2}.Debug|Any CPU.ActiveCfg = Debug|Any CPU
		{75C16B5F-920D-4032-97D2-98DA731449A2}.Debug|Any CPU.Build.0 = Debug|Any CPU
		{75C16B5F-920D-4032-97D2-98DA731449A2}.Release|Any CPU.ActiveCfg = Release|Any CPU
		{75C16B5F-920D-4032-97D2-98DA731449A2}.Release|Any CPU.Build.0 = Release|Any CPU
	EndGlobalSection
	GlobalSection(SolutionProperties) = preSolution
		HideSolutionNode = FALSE
	EndGlobalSection
	GlobalSection(ExtensibilityGlobals) = postSolution
		SolutionGuid = {38D80CCE-89A6-4544-835F-80C4B7FD348C}
	EndGlobalSection
EndGlobal
