
Microsoft Visual Studio Solution File, Format Version 12.00
# Visual Studio Version 16
VisualStudioVersion = 16.0.32002.261
MinimumVisualStudioVersion = 10.0.40219.1
Project("{FAE04EC0-301F-11D3-BF4B-00C04F79EFBC}") = "2nci-GUN", "2nci-GUN\2nci-GUN.csproj", "{D956F9C8-1991-42B6-ADCC-36F8541120EE}"
EndProject
Global
	GlobalSection(SolutionConfigurationPlatforms) = preSolution
		Debug|Any CPU = Debug|Any CPU
		Release|Any CPU = Release|Any CPU
	EndGlobalSection
	GlobalSection(ProjectConfigurationPlatforms) = postSolution
		{D956F9C8-1991-42B6-ADCC-36F8541120EE}.Debug|Any CPU.ActiveCfg = Debug|Any CPU
		{D956F9C8-1991-42B6-ADCC-36F8541120EE}.Debug|Any CPU.Build.0 = Debug|Any CPU
		{D956F9C8-1991-42B6-ADCC-36F8541120EE}.Release|Any CPU.ActiveCfg = Release|Any CPU
		{D956F9C8-1991-42B6-ADCC-36F8541120EE}.Release|Any CPU.Build.0 = Release|Any CPU
	EndGlobalSection
	GlobalSection(SolutionProperties) = preSolution
		HideSolutionNode = FALSE
	EndGlobalSection
	GlobalSection(ExtensibilityGlobals) = postSolution
		SolutionGuid = {0081E86F-A8EC-439C-8535-1F07CD872F9B}
	EndGlobalSection
EndGlobal
