
Microsoft Visual Studio Solution File, Format Version 12.00
# Visual Studio Version 16
VisualStudioVersion = 16.0.32002.261
MinimumVisualStudioVersion = 10.0.40219.1
Project("{FAE04EC0-301F-11D3-BF4B-00C04F79EFBC}") = "W2_Day1", "W2_Day1\W2_Day1.csproj", "{540B71EC-0E98-4816-9010-06AA87440D79}"
EndProject
Global
	GlobalSection(SolutionConfigurationPlatforms) = preSolution
		Debug|Any CPU = Debug|Any CPU
		Release|Any CPU = Release|Any CPU
	EndGlobalSection
	GlobalSection(ProjectConfigurationPlatforms) = postSolution
		{540B71EC-0E98-4816-9010-06AA87440D79}.Debug|Any CPU.ActiveCfg = Debug|Any CPU
		{540B71EC-0E98-4816-9010-06AA87440D79}.Debug|Any CPU.Build.0 = Debug|Any CPU
		{540B71EC-0E98-4816-9010-06AA87440D79}.Release|Any CPU.ActiveCfg = Release|Any CPU
		{540B71EC-0E98-4816-9010-06AA87440D79}.Release|Any CPU.Build.0 = Release|Any CPU
	EndGlobalSection
	GlobalSection(SolutionProperties) = preSolution
		HideSolutionNode = FALSE
	EndGlobalSection
	GlobalSection(ExtensibilityGlobals) = postSolution
		SolutionGuid = {21FD61C8-8200-4AE8-8D36-E18278B670CB}
	EndGlobalSection
EndGlobal
