
Microsoft Visual Studio Solution File, Format Version 12.00
# Visual Studio Version 16
VisualStudioVersion = 16.0.32002.261
MinimumVisualStudioVersion = 10.0.40219.1
Project("{FAE04EC0-301F-11D3-BF4B-00C04F79EFBC}") = "W2_Day5", "W2_Day5\W2_Day5.csproj", "{02E5C925-517F-48F2-AC28-063AF6E6ADF5}"
EndProject
Global
	GlobalSection(SolutionConfigurationPlatforms) = preSolution
		Debug|Any CPU = Debug|Any CPU
		Release|Any CPU = Release|Any CPU
	EndGlobalSection
	GlobalSection(ProjectConfigurationPlatforms) = postSolution
		{02E5C925-517F-48F2-AC28-063AF6E6ADF5}.Debug|Any CPU.ActiveCfg = Debug|Any CPU
		{02E5C925-517F-48F2-AC28-063AF6E6ADF5}.Debug|Any CPU.Build.0 = Debug|Any CPU
		{02E5C925-517F-48F2-AC28-063AF6E6ADF5}.Release|Any CPU.ActiveCfg = Release|Any CPU
		{02E5C925-517F-48F2-AC28-063AF6E6ADF5}.Release|Any CPU.Build.0 = Release|Any CPU
	EndGlobalSection
	GlobalSection(SolutionProperties) = preSolution
		HideSolutionNode = FALSE
	EndGlobalSection
	GlobalSection(ExtensibilityGlobals) = postSolution
		SolutionGuid = {ABECACB5-46CE-44EA-AED9-45AB751EDF76}
	EndGlobalSection
EndGlobal
