
Microsoft Visual Studio Solution File, Format Version 12.00
# Visual Studio Version 16
VisualStudioVersion = 16.0.32002.261
MinimumVisualStudioVersion = 10.0.40219.1
Project("{FAE04EC0-301F-11D3-BF4B-00C04F79EFBC}") = "Day_4", "Day_4\Day_4.csproj", "{F577BEAF-1CDB-4162-9B51-FA230E3FEC64}"
EndProject
Global
	GlobalSection(SolutionConfigurationPlatforms) = preSolution
		Debug|Any CPU = Debug|Any CPU
		Release|Any CPU = Release|Any CPU
	EndGlobalSection
	GlobalSection(ProjectConfigurationPlatforms) = postSolution
		{F577BEAF-1CDB-4162-9B51-FA230E3FEC64}.Debug|Any CPU.ActiveCfg = Debug|Any CPU
		{F577BEAF-1CDB-4162-9B51-FA230E3FEC64}.Debug|Any CPU.Build.0 = Debug|Any CPU
		{F577BEAF-1CDB-4162-9B51-FA230E3FEC64}.Release|Any CPU.ActiveCfg = Release|Any CPU
		{F577BEAF-1CDB-4162-9B51-FA230E3FEC64}.Release|Any CPU.Build.0 = Release|Any CPU
	EndGlobalSection
	GlobalSection(SolutionProperties) = preSolution
		HideSolutionNode = FALSE
	EndGlobalSection
	GlobalSection(ExtensibilityGlobals) = postSolution
		SolutionGuid = {F8E73553-540D-4487-996F-809AAB1F6C09}
	EndGlobalSection
EndGlobal
